{
  "lockfileVersion": 1,
  "configVersion": 0,
  "workspaces": {
    "": {
      "name": "vale-rocks",
      "dependencies": {
        "@weborigami/origami": "^0.6.14",
        "@weborigami/pagefind": "0.0.16",
        "highlight.js": "^11.11.1",
        "marked": "^17.0.4",
        "marked-alert": "^2.1.2",
        "marked-base-url": "^1.1.8",
        "marked-footnote": "^1.4.0",
        "marked-gfm-heading-id": "^4.1.3",
        "marked-highlight": "^2.2.3",
        "marked-smartypants": "^1.1.11",
      },
    },
  },
  "packages": {
    "@acemir/cssom": ["@acemir/cssom@0.9.31", "", {}, "sha512-ZnR3GSaH+/vJ0YlHau21FjfLYjMpYVIzTD8M8vIEQvIGxeOXyXdzCI140rrCY862p/C/BbzWsjc1dgnM9mkoTA=="],

    "@asamuzakjp/css-color": ["@asamuzakjp/css-color@5.0.1", "", { "dependencies": { "@csstools/css-calc": "^3.1.1", "@csstools/css-color-parser": "^4.0.2", "@csstools/css-parser-algorithms": "^4.0.0", "@csstools/css-tokenizer": "^4.0.0", "lru-cache": "^11.2.6" } }, "sha512-2SZFvqMyvboVV1d15lMf7XiI3m7SDqXUuKaTymJYLN6dSGadqp+fVojqJlVoMlbZnlTmu3S0TLwLTJpvBMO1Aw=="],

    "@asamuzakjp/dom-selector": ["@asamuzakjp/dom-selector@6.8.1", "", { "dependencies": { "@asamuzakjp/nwsapi": "^2.3.9", "bidi-js": "^1.0.3", "css-tree": "^3.1.0", "is-potential-custom-element-name": "^1.0.1", "lru-cache": "^11.2.6" } }, "sha512-MvRz1nCqW0fsy8Qz4dnLIvhOlMzqDVBabZx6lH+YywFDdjXhMY37SmpV1XFX3JzG5GWHn63j6HX6QPr3lZXHvQ=="],

    "@asamuzakjp/nwsapi": ["@asamuzakjp/nwsapi@2.3.9", "", {}, "sha512-n8GuYSrI9bF7FFZ/SjhwevlHc8xaVlb/7HmHelnc/PZXBD2ZR49NnN9sMMuDdEGPeeRQ5d0hqlSlEpgCX3Wl0Q=="],

    "@bramus/specificity": ["@bramus/specificity@2.4.2", "", { "dependencies": { "css-tree": "^3.0.0" }, "bin": { "specificity": "bin/cli.js" } }, "sha512-ctxtJ/eA+t+6q2++vj5j7FYX3nRu311q1wfYH3xjlLOsczhlhxAg2FWNUXhpGvAw3BWo1xBcvOV6/YLc2r5FJw=="],

    "@csstools/color-helpers": ["@csstools/color-helpers@6.0.2", "", {}, "sha512-LMGQLS9EuADloEFkcTBR3BwV/CGHV7zyDxVRtVDTwdI2Ca4it0CCVTT9wCkxSgokjE5Ho41hEPgb8OEUwoXr6Q=="],

    "@csstools/css-calc": ["@csstools/css-calc@3.1.1", "", { "peerDependencies": { "@csstools/css-parser-algorithms": "^4.0.0", "@csstools/css-tokenizer": "^4.0.0" } }, "sha512-HJ26Z/vmsZQqs/o3a6bgKslXGFAungXGbinULZO3eMsOyNJHeBBZfup5FiZInOghgoM4Hwnmw+OgbJCNg1wwUQ=="],

    "@csstools/css-color-parser": ["@csstools/css-color-parser@4.0.2", "", { "dependencies": { "@csstools/color-helpers": "^6.0.2", "@csstools/css-calc": "^3.1.1" }, "peerDependencies": { "@csstools/css-parser-algorithms": "^4.0.0", "@csstools/css-tokenizer": "^4.0.0" } }, "sha512-0GEfbBLmTFf0dJlpsNU7zwxRIH0/BGEMuXLTCvFYxuL1tNhqzTbtnFICyJLTNK4a+RechKP75e7w42ClXSnJQw=="],

    "@csstools/css-parser-algorithms": ["@csstools/css-parser-algorithms@4.0.0", "", { "peerDependencies": { "@csstools/css-tokenizer": "^4.0.0" } }, "sha512-+B87qS7fIG3L5h3qwJ/IFbjoVoOe/bpOdh9hAjXbvx0o8ImEmUsGXN0inFOnk2ChCFgqkkGFQ+TpM5rbhkKe4w=="],

    "@csstools/css-syntax-patches-for-csstree": ["@csstools/css-syntax-patches-for-csstree@1.0.29", "", {}, "sha512-jx9GjkkP5YHuTmko2eWAvpPnb0mB4mGRr2U7XwVNwevm8nlpobZEVk+GNmiYMk2VuA75v+plfXWyroWKmICZXg=="],

    "@csstools/css-tokenizer": ["@csstools/css-tokenizer@4.0.0", "", {}, "sha512-QxULHAm7cNu72w97JUNCBFODFaXpbDg+dP8b/oWFAZ2MTRppA3U00Y2L1HqaS4J6yBqxwa/Y3nMBaxVKbB/NsA=="],

    "@emnapi/runtime": ["@emnapi/runtime@1.7.1", "", { "dependencies": { "tslib": "^2.4.0" } }, "sha512-PVtJr5CmLwYAU9PZDMITZoR5iAOShYREoR45EyyLrbntV50mdePTgUn4AmOw90Ifcj+x2kRjdzr1HP3RrNiHGA=="],

    "@exodus/bytes": ["@exodus/bytes@1.15.0", "", { "peerDependencies": { "@noble/hashes": "^1.8.0 || ^2.0.0" }, "optionalPeers": ["@noble/hashes"] }, "sha512-UY0nlA+feH81UGSHv92sLEPLCeZFjXOuHhrIo0HQydScuQc8s0A7kL/UdgwgDq8g8ilksmuoF35YVTNphV2aBQ=="],

    "@hpcc-js/wasm-graphviz": ["@hpcc-js/wasm-graphviz@1.21.1", "", {}, "sha512-PHwgQEbfSPblh/cV422FRNU1mD3ISErOmGP8knX+TNWeUCfrbSV4dvPJnN36D+Cg6Dm4vjtnhlt3J8cUkbAS3Q=="],

    "@img/colour": ["@img/colour@1.0.0", "", {}, "sha512-A5P/LfWGFSl6nsckYtjw9da+19jB8hkJ6ACTGcDfEJ0aE+l2n2El7dsVM7UVHZQ9s2lmYMWlrS21YLy2IR1LUw=="],

    "@img/sharp-darwin-arm64": ["@img/sharp-darwin-arm64@0.34.5", "", { "optionalDependencies": { "@img/sharp-libvips-darwin-arm64": "1.2.4" }, "os": "darwin", "cpu": "arm64" }, "sha512-imtQ3WMJXbMY4fxb/Ndp6HBTNVtWCUI0WdobyheGf5+ad6xX8VIDO8u2xE4qc/fr08CKG/7dDseFtn6M6g/r3w=="],

    "@img/sharp-darwin-x64": ["@img/sharp-darwin-x64@0.34.5", "", { "optionalDependencies": { "@img/sharp-libvips-darwin-x64": "1.2.4" }, "os": "darwin", "cpu": "x64" }, "sha512-YNEFAF/4KQ/PeW0N+r+aVVsoIY0/qxxikF2SWdp+NRkmMB7y9LBZAVqQ4yhGCm/H3H270OSykqmQMKLBhBJDEw=="],

    "@img/sharp-libvips-darwin-arm64": ["@img/sharp-libvips-darwin-arm64@1.2.4", "", { "os": "darwin", "cpu": "arm64" }, "sha512-zqjjo7RatFfFoP0MkQ51jfuFZBnVE2pRiaydKJ1G/rHZvnsrHAOcQALIi9sA5co5xenQdTugCvtb1cuf78Vf4g=="],

    "@img/sharp-libvips-darwin-x64": ["@img/sharp-libvips-darwin-x64@1.2.4", "", { "os": "darwin", "cpu": "x64" }, "sha512-1IOd5xfVhlGwX+zXv2N93k0yMONvUlANylbJw1eTah8K/Jtpi15KC+WSiaX/nBmbm2HxRM1gZ0nSdjSsrZbGKg=="],

    "@img/sharp-libvips-linux-arm": ["@img/sharp-libvips-linux-arm@1.2.4", "", { "os": "linux", "cpu": "arm" }, "sha512-bFI7xcKFELdiNCVov8e44Ia4u2byA+l3XtsAj+Q8tfCwO6BQ8iDojYdvoPMqsKDkuoOo+X6HZA0s0q11ANMQ8A=="],

    "@img/sharp-libvips-linux-arm64": ["@img/sharp-libvips-linux-arm64@1.2.4", "", { "os": "linux", "cpu": "arm64" }, "sha512-excjX8DfsIcJ10x1Kzr4RcWe1edC9PquDRRPx3YVCvQv+U5p7Yin2s32ftzikXojb1PIFc/9Mt28/y+iRklkrw=="],

    "@img/sharp-libvips-linux-ppc64": ["@img/sharp-libvips-linux-ppc64@1.2.4", "", { "os": "linux", "cpu": "ppc64" }, "sha512-FMuvGijLDYG6lW+b/UvyilUWu5Ayu+3r2d1S8notiGCIyYU/76eig1UfMmkZ7vwgOrzKzlQbFSuQfgm7GYUPpA=="],

    "@img/sharp-libvips-linux-riscv64": ["@img/sharp-libvips-linux-riscv64@1.2.4", "", { "os": "linux", "cpu": "none" }, "sha512-oVDbcR4zUC0ce82teubSm+x6ETixtKZBh/qbREIOcI3cULzDyb18Sr/Wcyx7NRQeQzOiHTNbZFF1UwPS2scyGA=="],

    "@img/sharp-libvips-linux-s390x": ["@img/sharp-libvips-linux-s390x@1.2.4", "", { "os": "linux", "cpu": "s390x" }, "sha512-qmp9VrzgPgMoGZyPvrQHqk02uyjA0/QrTO26Tqk6l4ZV0MPWIW6LTkqOIov+J1yEu7MbFQaDpwdwJKhbJvuRxQ=="],

    "@img/sharp-libvips-linux-x64": ["@img/sharp-libvips-linux-x64@1.2.4", "", { "os": "linux", "cpu": "x64" }, "sha512-tJxiiLsmHc9Ax1bz3oaOYBURTXGIRDODBqhveVHonrHJ9/+k89qbLl0bcJns+e4t4rvaNBxaEZsFtSfAdquPrw=="],

    "@img/sharp-libvips-linuxmusl-arm64": ["@img/sharp-libvips-linuxmusl-arm64@1.2.4", "", { "os": "linux", "cpu": "arm64" }, "sha512-FVQHuwx1IIuNow9QAbYUzJ+En8KcVm9Lk5+uGUQJHaZmMECZmOlix9HnH7n1TRkXMS0pGxIJokIVB9SuqZGGXw=="],

    "@img/sharp-libvips-linuxmusl-x64": ["@img/sharp-libvips-linuxmusl-x64@1.2.4", "", { "os": "linux", "cpu": "x64" }, "sha512-+LpyBk7L44ZIXwz/VYfglaX/okxezESc6UxDSoyo2Ks6Jxc4Y7sGjpgU9s4PMgqgjj1gZCylTieNamqA1MF7Dg=="],

    "@img/sharp-linux-arm": ["@img/sharp-linux-arm@0.34.5", "", { "optionalDependencies": { "@img/sharp-libvips-linux-arm": "1.2.4" }, "os": "linux", "cpu": "arm" }, "sha512-9dLqsvwtg1uuXBGZKsxem9595+ujv0sJ6Vi8wcTANSFpwV/GONat5eCkzQo/1O6zRIkh0m/8+5BjrRr7jDUSZw=="],

    "@img/sharp-linux-arm64": ["@img/sharp-linux-arm64@0.34.5", "", { "optionalDependencies": { "@img/sharp-libvips-linux-arm64": "1.2.4" }, "os": "linux", "cpu": "arm64" }, "sha512-bKQzaJRY/bkPOXyKx5EVup7qkaojECG6NLYswgktOZjaXecSAeCWiZwwiFf3/Y+O1HrauiE3FVsGxFg8c24rZg=="],

    "@img/sharp-linux-ppc64": ["@img/sharp-linux-ppc64@0.34.5", "", { "optionalDependencies": { "@img/sharp-libvips-linux-ppc64": "1.2.4" }, "os": "linux", "cpu": "ppc64" }, "sha512-7zznwNaqW6YtsfrGGDA6BRkISKAAE1Jo0QdpNYXNMHu2+0dTrPflTLNkpc8l7MUP5M16ZJcUvysVWWrMefZquA=="],

    "@img/sharp-linux-riscv64": ["@img/sharp-linux-riscv64@0.34.5", "", { "optionalDependencies": { "@img/sharp-libvips-linux-riscv64": "1.2.4" }, "os": "linux", "cpu": "none" }, "sha512-51gJuLPTKa7piYPaVs8GmByo7/U7/7TZOq+cnXJIHZKavIRHAP77e3N2HEl3dgiqdD/w0yUfiJnII77PuDDFdw=="],

    "@img/sharp-linux-s390x": ["@img/sharp-linux-s390x@0.34.5", "", { "optionalDependencies": { "@img/sharp-libvips-linux-s390x": "1.2.4" }, "os": "linux", "cpu": "s390x" }, "sha512-nQtCk0PdKfho3eC5MrbQoigJ2gd1CgddUMkabUj+rBevs8tZ2cULOx46E7oyX+04WGfABgIwmMC0VqieTiR4jg=="],

    "@img/sharp-linux-x64": ["@img/sharp-linux-x64@0.34.5", "", { "optionalDependencies": { "@img/sharp-libvips-linux-x64": "1.2.4" }, "os": "linux", "cpu": "x64" }, "sha512-MEzd8HPKxVxVenwAa+JRPwEC7QFjoPWuS5NZnBt6B3pu7EG2Ge0id1oLHZpPJdn3OQK+BQDiw9zStiHBTJQQQQ=="],

    "@img/sharp-linuxmusl-arm64": ["@img/sharp-linuxmusl-arm64@0.34.5", "", { "optionalDependencies": { "@img/sharp-libvips-linuxmusl-arm64": "1.2.4" }, "os": "linux", "cpu": "arm64" }, "sha512-fprJR6GtRsMt6Kyfq44IsChVZeGN97gTD331weR1ex1c1rypDEABN6Tm2xa1wE6lYb5DdEnk03NZPqA7Id21yg=="],

    "@img/sharp-linuxmusl-x64": ["@img/sharp-linuxmusl-x64@0.34.5", "", { "optionalDependencies": { "@img/sharp-libvips-linuxmusl-x64": "1.2.4" }, "os": "linux", "cpu": "x64" }, "sha512-Jg8wNT1MUzIvhBFxViqrEhWDGzqymo3sV7z7ZsaWbZNDLXRJZoRGrjulp60YYtV4wfY8VIKcWidjojlLcWrd8Q=="],

    "@img/sharp-wasm32": ["@img/sharp-wasm32@0.34.5", "", { "dependencies": { "@emnapi/runtime": "^1.7.0" }, "cpu": "none" }, "sha512-OdWTEiVkY2PHwqkbBI8frFxQQFekHaSSkUIJkwzclWZe64O1X4UlUjqqqLaPbUpMOQk6FBu/HtlGXNblIs0huw=="],

    "@img/sharp-win32-arm64": ["@img/sharp-win32-arm64@0.34.5", "", { "os": "win32", "cpu": "arm64" }, "sha512-WQ3AgWCWYSb2yt+IG8mnC6Jdk9Whs7O0gxphblsLvdhSpSTtmu69ZG1Gkb6NuvxsNACwiPV6cNSZNzt0KPsw7g=="],

    "@img/sharp-win32-ia32": ["@img/sharp-win32-ia32@0.34.5", "", { "os": "win32", "cpu": "ia32" }, "sha512-FV9m/7NmeCmSHDD5j4+4pNI8Cp3aW+JvLoXcTUo0IqyjSfAZJ8dIUmijx1qaJsIiU+Hosw6xM5KijAWRJCSgNg=="],

    "@img/sharp-win32-x64": ["@img/sharp-win32-x64@0.34.5", "", { "os": "win32", "cpu": "x64" }, "sha512-+29YMsqY2/9eFEiW93eqWnuLcWcufowXewwSNIT6UwZdUUCrM3oFjMWH/Z6/TMmb4hlFenmfAVbpWeup2jryCw=="],

    "@pagefind/darwin-arm64": ["@pagefind/darwin-arm64@1.4.0", "", { "os": "darwin", "cpu": "arm64" }, "sha512-2vMqkbv3lbx1Awea90gTaBsvpzgRs7MuSgKDxW0m9oV1GPZCZbZBJg/qL83GIUEN2BFlY46dtUZi54pwH+/pTQ=="],

    "@pagefind/darwin-x64": ["@pagefind/darwin-x64@1.4.0", "", { "os": "darwin", "cpu": "x64" }, "sha512-e7JPIS6L9/cJfow+/IAqknsGqEPjJnVXGjpGm25bnq+NPdoD3c/7fAwr1OXkG4Ocjx6ZGSCijXEV4ryMcH2E3A=="],

    "@pagefind/freebsd-x64": ["@pagefind/freebsd-x64@1.4.0", "", { "os": "freebsd", "cpu": "x64" }, "sha512-WcJVypXSZ+9HpiqZjFXMUobfFfZZ6NzIYtkhQ9eOhZrQpeY5uQFqNWLCk7w9RkMUwBv1HAMDW3YJQl/8OqsV0Q=="],

    "@pagefind/linux-arm64": ["@pagefind/linux-arm64@1.4.0", "", { "os": "linux", "cpu": "arm64" }, "sha512-PIt8dkqt4W06KGmQjONw7EZbhDF+uXI7i0XtRLN1vjCUxM9vGPdtJc2mUyVPevjomrGz5M86M8bqTr6cgDp1Uw=="],

    "@pagefind/linux-x64": ["@pagefind/linux-x64@1.4.0", "", { "os": "linux", "cpu": "x64" }, "sha512-z4oddcWwQ0UHrTHR8psLnVlz6USGJ/eOlDPTDYZ4cI8TK8PgwRUPQZp9D2iJPNIPcS6Qx/E4TebjuGJOyK8Mmg=="],

    "@pagefind/windows-x64": ["@pagefind/windows-x64@1.4.0", "", { "os": "win32", "cpu": "x64" }, "sha512-NkT+YAdgS2FPCn8mIA9bQhiBs+xmniMGq1LFPDhcFn0+2yIUEiIG06t7bsZlhdjknEQRTSdT7YitP6fC5qwP0g=="],

    "@weborigami/async-tree": ["@weborigami/async-tree@0.6.14", "", {}, "sha512-LM2ydmhs4QkT78EfWt3e/E3tcfSDu3j7eWspTdxxrmZK7NqIOYeyfpGVqvVULxdJOdwphTXxc9H0gGTqVLNDQw=="],

    "@weborigami/json-feed-to-rss": ["@weborigami/json-feed-to-rss@1.0.1", "", {}, "sha512-HiPhIoelHH9pSrKnhvAwwUEbdiP11Ppg5TDU3VcfaADekObyEmCXYO7mu/zXNWD18oKc5zmGNGW7rUwb88C5sg=="],

    "@weborigami/language": ["@weborigami/language@0.6.14", "", { "dependencies": { "@weborigami/async-tree": "0.6.14", "exif-parser": "0.1.12", "watcher": "2.3.1", "yaml": "2.8.2" } }, "sha512-r+OTlldT5n6nVhC8uaG9u0EGN4f+7SaevsHN+EOW/3QnbS6a68XkZgBHkcMwzMkLMqk9ZEHeWHCpYNItAAtC0g=="],

    "@weborigami/origami": ["@weborigami/origami@0.6.14", "", { "dependencies": { "@hpcc-js/wasm-graphviz": "^1.21.0", "@weborigami/async-tree": "0.6.14", "@weborigami/json-feed-to-rss": "1.0.1", "@weborigami/language": "0.6.14", "css-tree": "3.1.0", "highlight.js": "11.11.1", "jsdom": "28.1.0", "marked": "17.0.3", "marked-gfm-heading-id": "4.1.3", "marked-highlight": "2.2.3", "marked-smartypants": "1.1.11", "sharp": "0.34.5", "yaml": "2.8.2" }, "bin": { "ori": "src/cli/cli.js" } }, "sha512-Bz2sAiiwNckYh8pe3QIeGiRILPdebaMko0SoYKAX0/2gAbLseeLueyuhPINKz3Bncpj1Mr0yNCBzdfycZKEz9Q=="],

    "@weborigami/pagefind": ["@weborigami/pagefind@0.0.16", "", { "dependencies": { "@weborigami/async-tree": "0.6.12", "pagefind": "1.4.0" } }, "sha512-Mf4brK5L2n383Sf70qc6kcBPIPaVCTyrTjetVyQecFXunIsjPCef7o9WwU1EsjZ2Kizha0f/4k8F7odYAJjx8A=="],

    "agent-base": ["agent-base@7.1.4", "", {}, "sha512-MnA+YT8fwfJPgBx3m60MNqakm30XOkyIoH1y6huTQvC0PwZG7ki8NacLBcrPbNoo8vEZy7Jpuk7+jMO+CUovTQ=="],

    "bidi-js": ["bidi-js@1.0.3", "", { "dependencies": { "require-from-string": "^2.0.2" } }, "sha512-RKshQI1R3YQ+n9YJz2QQ147P66ELpa1FQEg20Dk8oW9t2KgLbpDLLp9aGZ7y8WHSshDknG0bknqGw5/tyCs5tw=="],

    "css-tree": ["css-tree@3.1.0", "", { "dependencies": { "mdn-data": "2.12.2", "source-map-js": "^1.0.1" } }, "sha512-0eW44TGN5SQXU1mWSkKwFstI/22X2bG1nYzZTYMAWjylYURhse752YgbE4Cx46AC+bAvI+/dYTPRk1LqSUnu6w=="],

    "cssstyle": ["cssstyle@6.2.0", "", { "dependencies": { "@asamuzakjp/css-color": "^5.0.1", "@csstools/css-syntax-patches-for-csstree": "^1.0.28", "css-tree": "^3.1.0", "lru-cache": "^11.2.6" } }, "sha512-Fm5NvhYathRnXNVndkUsCCuR63DCLVVwGOOwQw782coXFi5HhkXdu289l59HlXZBawsyNccXfWRYvLzcDCdDig=="],

    "data-urls": ["data-urls@7.0.0", "", { "dependencies": { "whatwg-mimetype": "^5.0.0", "whatwg-url": "^16.0.0" } }, "sha512-23XHcCF+coGYevirZceTVD7NdJOqVn+49IHyxgszm+JIiHLoB2TkmPtsYkNWT1pvRSGkc35L6NHs0yHkN2SumA=="],

    "debug": ["debug@4.4.3", "", { "dependencies": { "ms": "^2.1.3" } }, "sha512-RGwwWnwQvkVfavKVt22FGLw+xYSdzARwm0ru6DhTVA3umU5hZc28V3kO4stgYryrTlLpuvgI9GiijltAjNbcqA=="],

    "decimal.js": ["decimal.js@10.6.0", "", {}, "sha512-YpgQiITW3JXGntzdUmyUR1V812Hn8T1YVXhCu+wO3OpS4eU9l4YdD3qjyiKdV6mvV29zapkMeD390UVEf2lkUg=="],

    "detect-libc": ["detect-libc@2.1.2", "", {}, "sha512-Btj2BOOO83o3WyH59e8MgXsxEQVcarkUOpEYrubB0urwnN10yQ364rsiByU11nZlqWYZm05i/of7io4mzihBtQ=="],

    "dettle": ["dettle@1.0.5", "", {}, "sha512-ZVyjhAJ7sCe1PNXEGveObOH9AC8QvMga3HJIghHawtG7mE4K5pW9nz/vDGAr/U7a3LWgdOzEE7ac9MURnyfaTA=="],

    "entities": ["entities@6.0.1", "", {}, "sha512-aN97NXWF6AWBTahfVOIrB/NShkzi5H7F9r1s9mD3cDj4Ko5f2qhhVoYMibXF7GlLveb/D2ioWay8lxI97Ven3g=="],

    "exif-parser": ["exif-parser@0.1.12", "", {}, "sha512-c2bQfLNbMzLPmzQuOr8fy0csy84WmwnER81W88DzTp9CYNPJ6yzOj2EZAh9pywYpqHnshVLHQJ8WzldAyfY+Iw=="],

    "github-slugger": ["github-slugger@2.0.0", "", {}, "sha512-IaOQ9puYtjrkq7Y0Ygl9KDZnrf/aiUJYUpVf89y8kyaxbRG7Y1SrX/jaumrv81vc61+kiMempujsM3Yw7w5qcw=="],

    "highlight.js": ["highlight.js@11.11.1", "", {}, "sha512-Xwwo44whKBVCYoliBQwaPvtd/2tYFkRQtXDWj1nackaV2JPXx3L0+Jvd8/qCJ2p+ML0/XVkJ2q+Mr+UVdpJK5w=="],

    "html-encoding-sniffer": ["html-encoding-sniffer@6.0.0", "", { "dependencies": { "@exodus/bytes": "^1.6.0" } }, "sha512-CV9TW3Y3f8/wT0BRFc1/KAVQ3TUHiXmaAb6VW9vtiMFf7SLoMd1PdAc4W3KFOFETBJUb90KatHqlsZMWV+R9Gg=="],

    "http-proxy-agent": ["http-proxy-agent@7.0.2", "", { "dependencies": { "agent-base": "^7.1.0", "debug": "^4.3.4" } }, "sha512-T1gkAiYYDWYx3V5Bmyu7HcfcvL7mUrTWiM6yOfa3PIphViJ/gFPbvidQ+veqSOHci/PxBcDabeUNCzpOODJZig=="],

    "https-proxy-agent": ["https-proxy-agent@7.0.6", "", { "dependencies": { "agent-base": "^7.1.2", "debug": "4" } }, "sha512-vK9P5/iUfdl95AI+JVyUuIcVtd4ofvtrOr3HNtM2yxC9bnMbEdp3x01OhQNnjb8IJYi38VlTE3mBXwcfvywuSw=="],

    "is-potential-custom-element-name": ["is-potential-custom-element-name@1.0.1", "", {}, "sha512-bCYeRA2rVibKZd+s2625gGnGF/t7DSqDs4dP7CrLA1m7jKWz6pps0LpYLJN8Q64HtmPKJ1hrN3nzPNKFEKOUiQ=="],

    "jsdom": ["jsdom@28.1.0", "", { "dependencies": { "@acemir/cssom": "^0.9.31", "@asamuzakjp/dom-selector": "^6.8.1", "@bramus/specificity": "^2.4.2", "@exodus/bytes": "^1.11.0", "cssstyle": "^6.0.1", "data-urls": "^7.0.0", "decimal.js": "^10.6.0", "html-encoding-sniffer": "^6.0.0", "http-proxy-agent": "^7.0.2", "https-proxy-agent": "^7.0.6", "is-potential-custom-element-name": "^1.0.1", "parse5": "^8.0.0", "saxes": "^6.0.0", "symbol-tree": "^3.2.4", "tough-cookie": "^6.0.0", "undici": "^7.21.0", "w3c-xmlserializer": "^5.0.0", "webidl-conversions": "^8.0.1", "whatwg-mimetype": "^5.0.0", "whatwg-url": "^16.0.0", "xml-name-validator": "^5.0.0" }, "peerDependencies": { "canvas": "^3.0.0" }, "optionalPeers": ["canvas"] }, "sha512-0+MoQNYyr2rBHqO1xilltfDjV9G7ymYGlAUazgcDLQaUf8JDHbuGwsxN6U9qWaElZ4w1B2r7yEGIL3GdeW3Rug=="],

    "lru-cache": ["lru-cache@11.2.6", "", {}, "sha512-ESL2CrkS/2wTPfuend7Zhkzo2u0daGJ/A2VucJOgQ/C48S/zB8MMeMHSGKYpXhIjbPxfuezITkaBH1wqv00DDQ=="],

    "marked": ["marked@17.0.4", "", { "bin": { "marked": "bin/marked.js" } }, "sha512-NOmVMM+KAokHMvjWmC5N/ZOvgmSWuqJB8FoYI019j4ogb/PeRMKoKIjReZ2w3376kkA8dSJIP8uD993Kxc0iRQ=="],

    "marked-alert": ["marked-alert@2.1.2", "", { "peerDependencies": { "marked": ">=7.0.0" } }, "sha512-EFNRZ08d8L/iEIPLTlQMDjvwIsj03gxWCczYTht6DCiHJIZhMk4NK5gtPY9UqAYb09eV5VGT+jD4lp396E0I+w=="],

    "marked-base-url": ["marked-base-url@1.1.8", "", { "peerDependencies": { "marked": ">= 4 < 18" } }, "sha512-RA80m/VTq82jAnpusyK7B4M45TZ3LMB1ymrdAJI3oaSG4+8MzBc8FFlVKIAhkBrfRM7CxeTHTGUVVK59/eiQyA=="],

    "marked-footnote": ["marked-footnote@1.4.0", "", { "peerDependencies": { "marked": ">=7.0.0" } }, "sha512-fZTxAhI1TcLEs5UOjCfYfTHpyKGaWQevbxaGTEA68B51l7i87SctPFtHETYqPkEN0ka5opvy4Dy1l/yXVC+hmg=="],

    "marked-gfm-heading-id": ["marked-gfm-heading-id@4.1.3", "", { "dependencies": { "github-slugger": "^2.0.0" }, "peerDependencies": { "marked": ">=13 <18" } }, "sha512-aR0i63LmFbuxU/gAgrgz1Ir+8HK6zAIFXMlckeKHpV+qKbYaOP95L4Ux5Gi+sKmCZU5qnN2rdKpvpb7PnUBIWg=="],

    "marked-highlight": ["marked-highlight@2.2.3", "", { "peerDependencies": { "marked": ">=4 <18" } }, "sha512-FCfZRxW/msZAiasCML4isYpxyQWKEEx44vOgdn5Kloae+Qc3q4XR7WjpKKf8oMLk7JP9ZCRd2vhtclJFdwxlWQ=="],

    "marked-smartypants": ["marked-smartypants@1.1.11", "", { "dependencies": { "smartypants": "^0.2.2" }, "peerDependencies": { "marked": ">=4 <18" } }, "sha512-Jt0eq/6rf9oXDfEKPzQ0z7UzVWcEAK3L6QBBQzbwV8bT304OvPVLTqpH3yvkSung9foOM4s120TMHEHP76Metg=="],

    "mdn-data": ["mdn-data@2.12.2", "", {}, "sha512-IEn+pegP1aManZuckezWCO+XZQDplx1366JoVhTpMpBB1sPey/SbveZQUosKiKiGYjg1wH4pMlNgXbCiYgihQA=="],

    "ms": ["ms@2.1.3", "", {}, "sha512-6FlzubTLZG3J2a/NVCAleEhjzq5oxgHyaCU9yYXvcLsvoVaHJq/s5xXI6/XXP6tz7R9xAOtHnSO/tXtF3WRTlA=="],

    "pagefind": ["pagefind@1.4.0", "", { "optionalDependencies": { "@pagefind/darwin-arm64": "1.4.0", "@pagefind/darwin-x64": "1.4.0", "@pagefind/freebsd-x64": "1.4.0", "@pagefind/linux-arm64": "1.4.0", "@pagefind/linux-x64": "1.4.0", "@pagefind/windows-x64": "1.4.0" }, "bin": { "pagefind": "lib/runner/bin.cjs" } }, "sha512-z2kY1mQlL4J8q5EIsQkLzQjilovKzfNVhX8De6oyE6uHpfFtyBaqUpcl/XzJC/4fjD8vBDyh1zolimIcVrCn9g=="],

    "parse5": ["parse5@8.0.0", "", { "dependencies": { "entities": "^6.0.0" } }, "sha512-9m4m5GSgXjL4AjumKzq1Fgfp3Z8rsvjRNbnkVwfu2ImRqE5D0LnY2QfDen18FSY9C573YU5XxSapdHZTZ2WolA=="],

    "promise-make-counter": ["promise-make-counter@1.0.2", "", { "dependencies": { "promise-make-naked": "^3.0.2" } }, "sha512-FJAxTBWQuQoAs4ZOYuKX1FHXxEgKLEzBxUvwr4RoOglkTpOjWuM+RXsK3M9q5lMa8kjqctUrhwYeZFT4ygsnag=="],

    "promise-make-naked": ["promise-make-naked@3.0.2", "", {}, "sha512-B+b+kQ1YrYS7zO7P7bQcoqqMUizP06BOyNSBEnB5VJKDSWo8fsVuDkfSmwdjF0JsRtaNh83so5MMFJ95soH5jg=="],

    "punycode": ["punycode@2.3.1", "", {}, "sha512-vYt7UD1U9Wg6138shLtLOvdAu+8DsC/ilFtEVHcH+wydcSpNE20AfSOduf6MkRFahL5FY7X1oU7nKVZFtfq8Fg=="],

    "require-from-string": ["require-from-string@2.0.2", "", {}, "sha512-Xf0nWe6RseziFMu+Ap9biiUbmplq6S9/p+7w7YXP/JBHhrUDDUhwa+vANyubuqfZWTveU//DYVGsDG7RKL/vEw=="],

    "saxes": ["saxes@6.0.0", "", { "dependencies": { "xmlchars": "^2.2.0" } }, "sha512-xAg7SOnEhrm5zI3puOOKyy1OMcMlIJZYNJY7xLBwSze0UjhPLnWfj2GF2EpT0jmzaJKIWKHLsaSSajf35bcYnA=="],

    "semver": ["semver@7.7.3", "", { "bin": { "semver": "bin/semver.js" } }, "sha512-SdsKMrI9TdgjdweUSR9MweHA4EJ8YxHn8DFaDisvhVlUOe4BF1tLD7GAj0lIqWVl+dPb/rExr0Btby5loQm20Q=="],

    "sharp": ["sharp@0.34.5", "", { "dependencies": { "@img/colour": "^1.0.0", "detect-libc": "^2.1.2", "semver": "^7.7.3" }, "optionalDependencies": { "@img/sharp-darwin-arm64": "0.34.5", "@img/sharp-darwin-x64": "0.34.5", "@img/sharp-libvips-darwin-arm64": "1.2.4", "@img/sharp-libvips-darwin-x64": "1.2.4", "@img/sharp-libvips-linux-arm": "1.2.4", "@img/sharp-libvips-linux-arm64": "1.2.4", "@img/sharp-libvips-linux-ppc64": "1.2.4", "@img/sharp-libvips-linux-riscv64": "1.2.4", "@img/sharp-libvips-linux-s390x": "1.2.4", "@img/sharp-libvips-linux-x64": "1.2.4", "@img/sharp-libvips-linuxmusl-arm64": "1.2.4", "@img/sharp-libvips-linuxmusl-x64": "1.2.4", "@img/sharp-linux-arm": "0.34.5", "@img/sharp-linux-arm64": "0.34.5", "@img/sharp-linux-ppc64": "0.34.5", "@img/sharp-linux-riscv64": "0.34.5", "@img/sharp-linux-s390x": "0.34.5", "@img/sharp-linux-x64": "0.34.5", "@img/sharp-linuxmusl-arm64": "0.34.5", "@img/sharp-linuxmusl-x64": "0.34.5", "@img/sharp-wasm32": "0.34.5", "@img/sharp-win32-arm64": "0.34.5", "@img/sharp-win32-ia32": "0.34.5", "@img/sharp-win32-x64": "0.34.5" } }, "sha512-Ou9I5Ft9WNcCbXrU9cMgPBcCK8LiwLqcbywW3t4oDV37n1pzpuNLsYiAV8eODnjbtQlSDwZ2cUEeQz4E54Hltg=="],

    "smartypants": ["smartypants@0.2.2", "", { "bin": { "smartypants": "bin/smartypants.js", "smartypantsu": "bin/smartypantsu.js" } }, "sha512-TzobUYoEft/xBtb2voRPryAUIvYguG0V7Tt3de79I1WfXgCwelqVsGuZSnu3GFGRZhXR90AeEYIM+icuB/S06Q=="],

    "source-map-js": ["source-map-js@1.2.1", "", {}, "sha512-UXWMKhLOwVKb728IUtQPXxfYU+usdybtUrK/8uGE8CQMvrhOpwvzDBwj0QhSL7MQc7vIsISBG8VQ8+IDQxpfQA=="],

    "stubborn-fs": ["stubborn-fs@1.2.5", "", {}, "sha512-H2N9c26eXjzL/S/K+i/RHHcFanE74dptvvjM8iwzwbVcWY/zjBbgRqF3K0DY4+OD+uTTASTBvDoxPDaPN02D7g=="],

    "symbol-tree": ["symbol-tree@3.2.4", "", {}, "sha512-9QNk5KwDF+Bvz+PyObkmSYjI5ksVUYtjW7AU22r2NKcfLJcXp96hkDWU3+XndOsUb+AQ9QhfzfCT2O+CNWT5Tw=="],

    "tiny-readdir": ["tiny-readdir@2.7.4", "", { "dependencies": { "promise-make-counter": "^1.0.2" } }, "sha512-721U+zsYwDirjr8IM6jqpesD/McpZooeFi3Zc6mcjy1pse2C+v19eHPFRqz4chGXZFw7C3KITDjAtHETc2wj7Q=="],

    "tldts": ["tldts@7.0.18", "", { "dependencies": { "tldts-core": "^7.0.18" }, "bin": { "tldts": "bin/cli.js" } }, "sha512-lCcgTAgMxQ1JKOWrVGo6E69Ukbnx4Gc1wiYLRf6J5NN4HRYJtCby1rPF8rkQ4a6qqoFBK5dvjJ1zJ0F7VfDSvw=="],

    "tldts-core": ["tldts-core@7.0.18", "", {}, "sha512-jqJC13oP4FFAahv4JT/0WTDrCF9Okv7lpKtOZUGPLiAnNbACcSg8Y8T+Z9xthOmRBqi/Sob4yi0TE0miRCvF7Q=="],

    "tough-cookie": ["tough-cookie@6.0.0", "", { "dependencies": { "tldts": "^7.0.5" } }, "sha512-kXuRi1mtaKMrsLUxz3sQYvVl37B0Ns6MzfrtV5DvJceE9bPyspOqk9xxv7XbZWcfLWbFmm997vl83qUWVJA64w=="],

    "tr46": ["tr46@6.0.0", "", { "dependencies": { "punycode": "^2.3.1" } }, "sha512-bLVMLPtstlZ4iMQHpFHTR7GAGj2jxi8Dg0s2h2MafAE4uSWF98FC/3MomU51iQAMf8/qDUbKWf5GxuvvVcXEhw=="],

    "tslib": ["tslib@2.8.1", "", {}, "sha512-oJFu94HQb+KVduSUQL7wnpmqnfmLsOA/nAh6b6EH0wCEoK0/mPeXU6c3wKDV83MkOuHPRHtSXKKU99IBazS/2w=="],

    "undici": ["undici@7.22.0", "", {}, "sha512-RqslV2Us5BrllB+JeiZnK4peryVTndy9Dnqq62S3yYRRTj0tFQCwEniUy2167skdGOy3vqRzEvl1Dm4sV2ReDg=="],

    "w3c-xmlserializer": ["w3c-xmlserializer@5.0.0", "", { "dependencies": { "xml-name-validator": "^5.0.0" } }, "sha512-o8qghlI8NZHU1lLPrpi2+Uq7abh4GGPpYANlalzWxyWteJOCsr/P+oPBA49TOLu5FTZO4d3F9MnWJfiMo4BkmA=="],

    "watcher": ["watcher@2.3.1", "", { "dependencies": { "dettle": "^1.0.2", "stubborn-fs": "^1.2.5", "tiny-readdir": "^2.7.2" } }, "sha512-d3yl+ey35h05r5EFP0TafE2jsmQUJ9cc2aernRVyAkZiu0J3+3TbNugNcqdUJDoWOfL2p+bNsN427stsBC/HnA=="],

    "webidl-conversions": ["webidl-conversions@8.0.1", "", {}, "sha512-BMhLD/Sw+GbJC21C/UgyaZX41nPt8bUTg+jWyDeg7e7YN4xOM05YPSIXceACnXVtqyEw/LMClUQMtMZ+PGGpqQ=="],

    "whatwg-mimetype": ["whatwg-mimetype@5.0.0", "", {}, "sha512-sXcNcHOC51uPGF0P/D4NVtrkjSU2fNsm9iog4ZvZJsL3rjoDAzXZhkm2MWt1y+PUdggKAYVoMAIYcs78wJ51Cw=="],

    "whatwg-url": ["whatwg-url@16.0.1", "", { "dependencies": { "@exodus/bytes": "^1.11.0", "tr46": "^6.0.0", "webidl-conversions": "^8.0.1" } }, "sha512-1to4zXBxmXHV3IiSSEInrreIlu02vUOvrhxJJH5vcxYTBDAx51cqZiKdyTxlecdKNSjj8EcxGBxNf6Vg+945gw=="],

    "xml-name-validator": ["xml-name-validator@5.0.0", "", {}, "sha512-EvGK8EJ3DhaHfbRlETOWAS5pO9MZITeauHKJyb8wyajUfQUenkIg2MvLDTZ4T/TgIcm3HU0TFBgWWboAZ30UHg=="],

    "xmlchars": ["xmlchars@2.2.0", "", {}, "sha512-JZnDKK8B0RCDw84FNdDAIpZK+JuJw+s7Lz8nksI7SIuU3UXJJslUthsi+uWBUYOwPFwW7W7PRLRfUKpxjtjFCw=="],

    "yaml": ["yaml@2.8.2", "", { "bin": { "yaml": "bin.mjs" } }, "sha512-mplynKqc1C2hTVYxd0PU2xQAc22TI1vShAYGksCCfxbn/dFwnHTNi1bvYsBTkhdUNtGIf5xNOg938rrSSYvS9A=="],

    "@weborigami/origami/marked": ["marked@17.0.3", "", { "bin": { "marked": "bin/marked.js" } }, "sha512-jt1v2ObpyOKR8p4XaUJVk3YWRJ5n+i4+rjQopxvV32rSndTJXvIzuUdWWIy/1pFQMkQmvTXawzDNqOH/CUmx6A=="],

    "@weborigami/pagefind/@weborigami/async-tree": ["@weborigami/async-tree@0.6.12", "", {}, "sha512-GH4IWHLigGxDJpQ4UAVzLHWPxoukmzM5LxxPYB/+0oQ0h1NrRVM6FTng1HEO8ZIA/uQpXq0pHsgPnasgoRW4tw=="],
  }
}
