{
  "lockfileVersion": 1,
  "workspaces": {
    "": {
      "name": "vale-rocks",
      "dependencies": {
        "@weborigami/origami": "^0.5.5",
        "@weborigami/pagefind": "0.0.13",
        "highlight.js": "^11.11.1",
        "marked": "^16.3.0",
        "marked-alert": "^2.1.2",
        "marked-base-url": "^1.1.7",
        "marked-footnote": "^1.4.0",
        "marked-gfm-heading-id": "^4.1.2",
        "marked-highlight": "^2.2.2",
        "marked-smartypants": "^1.1.10",
      },
    },
  },
  "packages": {
    "@asamuzakjp/css-color": ["@asamuzakjp/css-color@3.2.0", "", { "dependencies": { "@csstools/css-calc": "^2.1.3", "@csstools/css-color-parser": "^3.0.9", "@csstools/css-parser-algorithms": "^3.0.4", "@csstools/css-tokenizer": "^3.0.3", "lru-cache": "^10.4.3" } }, "sha512-K1A6z8tS3XsmCMM86xoWdn7Fkdn9m6RSVtocUrJYIwZnFVkng/PvkEoWtOWmP+Scc6saYWHWZYbndEEXxl24jw=="],

    "@csstools/color-helpers": ["@csstools/color-helpers@5.1.0", "", {}, "sha512-S11EXWJyy0Mz5SYvRmY8nJYTFFd1LCNV+7cXyAgQtOOuzb4EsgfqDufL+9esx72/eLhsRdGZwaldu/h+E4t4BA=="],

    "@csstools/css-calc": ["@csstools/css-calc@2.1.4", "", { "peerDependencies": { "@csstools/css-parser-algorithms": "^3.0.5", "@csstools/css-tokenizer": "^3.0.4" } }, "sha512-3N8oaj+0juUw/1H3YwmDDJXCgTB1gKU6Hc/bB502u9zR0q2vd786XJH9QfrKIEgFlZmhZiq6epXl4rHqhzsIgQ=="],

    "@csstools/css-color-parser": ["@csstools/css-color-parser@3.1.0", "", { "dependencies": { "@csstools/color-helpers": "^5.1.0", "@csstools/css-calc": "^2.1.4" }, "peerDependencies": { "@csstools/css-parser-algorithms": "^3.0.5", "@csstools/css-tokenizer": "^3.0.4" } }, "sha512-nbtKwh3a6xNVIp/VRuXV64yTKnb1IjTAEEh3irzS+HkKjAOYLTGNb9pmVNntZ8iVBHcWDA2Dof0QtPgFI1BaTA=="],

    "@csstools/css-parser-algorithms": ["@csstools/css-parser-algorithms@3.0.5", "", { "peerDependencies": { "@csstools/css-tokenizer": "^3.0.4" } }, "sha512-DaDeUkXZKjdGhgYaHNJTV9pV7Y9B3b644jCLs9Upc3VeNGg6LWARAT6O+Q+/COo+2gg/bM5rhpMAtf70WqfBdQ=="],

    "@csstools/css-tokenizer": ["@csstools/css-tokenizer@3.0.4", "", {}, "sha512-Vd/9EVDiu6PPJt9yAh6roZP6El1xHrdvIVGjyBsHR0RYwNHgL7FJPyIIW4fANJNG6FtyZfvlRPpFI4ZM/lubvw=="],

    "@emnapi/runtime": ["@emnapi/runtime@1.5.0", "", { "dependencies": { "tslib": "^2.4.0" } }, "sha512-97/BJ3iXHww3djw6hYIfErCZFee7qCtrneuLa20UXFCOTCfBM2cvQHjWJ2EG0s0MtdNwInarqCTz35i4wWXHsQ=="],

    "@img/sharp-darwin-arm64": ["@img/sharp-darwin-arm64@0.34.3", "", { "optionalDependencies": { "@img/sharp-libvips-darwin-arm64": "1.2.0" }, "os": "darwin", "cpu": "arm64" }, "sha512-ryFMfvxxpQRsgZJqBd4wsttYQbCxsJksrv9Lw/v798JcQ8+w84mBWuXwl+TT0WJ/WrYOLaYpwQXi3sA9nTIaIg=="],

    "@img/sharp-darwin-x64": ["@img/sharp-darwin-x64@0.34.3", "", { "optionalDependencies": { "@img/sharp-libvips-darwin-x64": "1.2.0" }, "os": "darwin", "cpu": "x64" }, "sha512-yHpJYynROAj12TA6qil58hmPmAwxKKC7reUqtGLzsOHfP7/rniNGTL8tjWX6L3CTV4+5P4ypcS7Pp+7OB+8ihA=="],

    "@img/sharp-libvips-darwin-arm64": ["@img/sharp-libvips-darwin-arm64@1.2.0", "", { "os": "darwin", "cpu": "arm64" }, "sha512-sBZmpwmxqwlqG9ueWFXtockhsxefaV6O84BMOrhtg/YqbTaRdqDE7hxraVE3y6gVM4eExmfzW4a8el9ArLeEiQ=="],

    "@img/sharp-libvips-darwin-x64": ["@img/sharp-libvips-darwin-x64@1.2.0", "", { "os": "darwin", "cpu": "x64" }, "sha512-M64XVuL94OgiNHa5/m2YvEQI5q2cl9d/wk0qFTDVXcYzi43lxuiFTftMR1tOnFQovVXNZJ5TURSDK2pNe9Yzqg=="],

    "@img/sharp-libvips-linux-arm": ["@img/sharp-libvips-linux-arm@1.2.0", "", { "os": "linux", "cpu": "arm" }, "sha512-mWd2uWvDtL/nvIzThLq3fr2nnGfyr/XMXlq8ZJ9WMR6PXijHlC3ksp0IpuhK6bougvQrchUAfzRLnbsen0Cqvw=="],

    "@img/sharp-libvips-linux-arm64": ["@img/sharp-libvips-linux-arm64@1.2.0", "", { "os": "linux", "cpu": "arm64" }, "sha512-RXwd0CgG+uPRX5YYrkzKyalt2OJYRiJQ8ED/fi1tq9WQW2jsQIn0tqrlR5l5dr/rjqq6AHAxURhj2DVjyQWSOA=="],

    "@img/sharp-libvips-linux-ppc64": ["@img/sharp-libvips-linux-ppc64@1.2.0", "", { "os": "linux", "cpu": "ppc64" }, "sha512-Xod/7KaDDHkYu2phxxfeEPXfVXFKx70EAFZ0qyUdOjCcxbjqyJOEUpDe6RIyaunGxT34Anf9ue/wuWOqBW2WcQ=="],

    "@img/sharp-libvips-linux-s390x": ["@img/sharp-libvips-linux-s390x@1.2.0", "", { "os": "linux", "cpu": "s390x" }, "sha512-eMKfzDxLGT8mnmPJTNMcjfO33fLiTDsrMlUVcp6b96ETbnJmd4uvZxVJSKPQfS+odwfVaGifhsB07J1LynFehw=="],

    "@img/sharp-libvips-linux-x64": ["@img/sharp-libvips-linux-x64@1.2.0", "", { "os": "linux", "cpu": "x64" }, "sha512-ZW3FPWIc7K1sH9E3nxIGB3y3dZkpJlMnkk7z5tu1nSkBoCgw2nSRTFHI5pB/3CQaJM0pdzMF3paf9ckKMSE9Tg=="],

    "@img/sharp-libvips-linuxmusl-arm64": ["@img/sharp-libvips-linuxmusl-arm64@1.2.0", "", { "os": "linux", "cpu": "arm64" }, "sha512-UG+LqQJbf5VJ8NWJ5Z3tdIe/HXjuIdo4JeVNADXBFuG7z9zjoegpzzGIyV5zQKi4zaJjnAd2+g2nna8TZvuW9Q=="],

    "@img/sharp-libvips-linuxmusl-x64": ["@img/sharp-libvips-linuxmusl-x64@1.2.0", "", { "os": "linux", "cpu": "x64" }, "sha512-SRYOLR7CXPgNze8akZwjoGBoN1ThNZoqpOgfnOxmWsklTGVfJiGJoC/Lod7aNMGA1jSsKWM1+HRX43OP6p9+6Q=="],

    "@img/sharp-linux-arm": ["@img/sharp-linux-arm@0.34.3", "", { "optionalDependencies": { "@img/sharp-libvips-linux-arm": "1.2.0" }, "os": "linux", "cpu": "arm" }, "sha512-oBK9l+h6KBN0i3dC8rYntLiVfW8D8wH+NPNT3O/WBHeW0OQWCjfWksLUaPidsrDKpJgXp3G3/hkmhptAW0I3+A=="],

    "@img/sharp-linux-arm64": ["@img/sharp-linux-arm64@0.34.3", "", { "optionalDependencies": { "@img/sharp-libvips-linux-arm64": "1.2.0" }, "os": "linux", "cpu": "arm64" }, "sha512-QdrKe3EvQrqwkDrtuTIjI0bu6YEJHTgEeqdzI3uWJOH6G1O8Nl1iEeVYRGdj1h5I21CqxSvQp1Yv7xeU3ZewbA=="],

    "@img/sharp-linux-ppc64": ["@img/sharp-linux-ppc64@0.34.3", "", { "optionalDependencies": { "@img/sharp-libvips-linux-ppc64": "1.2.0" }, "os": "linux", "cpu": "ppc64" }, "sha512-GLtbLQMCNC5nxuImPR2+RgrviwKwVql28FWZIW1zWruy6zLgA5/x2ZXk3mxj58X/tszVF69KK0Is83V8YgWhLA=="],

    "@img/sharp-linux-s390x": ["@img/sharp-linux-s390x@0.34.3", "", { "optionalDependencies": { "@img/sharp-libvips-linux-s390x": "1.2.0" }, "os": "linux", "cpu": "s390x" }, "sha512-3gahT+A6c4cdc2edhsLHmIOXMb17ltffJlxR0aC2VPZfwKoTGZec6u5GrFgdR7ciJSsHT27BD3TIuGcuRT0KmQ=="],

    "@img/sharp-linux-x64": ["@img/sharp-linux-x64@0.34.3", "", { "optionalDependencies": { "@img/sharp-libvips-linux-x64": "1.2.0" }, "os": "linux", "cpu": "x64" }, "sha512-8kYso8d806ypnSq3/Ly0QEw90V5ZoHh10yH0HnrzOCr6DKAPI6QVHvwleqMkVQ0m+fc7EH8ah0BB0QPuWY6zJQ=="],

    "@img/sharp-linuxmusl-arm64": ["@img/sharp-linuxmusl-arm64@0.34.3", "", { "optionalDependencies": { "@img/sharp-libvips-linuxmusl-arm64": "1.2.0" }, "os": "linux", "cpu": "arm64" }, "sha512-vAjbHDlr4izEiXM1OTggpCcPg9tn4YriK5vAjowJsHwdBIdx0fYRsURkxLG2RLm9gyBq66gwtWI8Gx0/ov+JKQ=="],

    "@img/sharp-linuxmusl-x64": ["@img/sharp-linuxmusl-x64@0.34.3", "", { "optionalDependencies": { "@img/sharp-libvips-linuxmusl-x64": "1.2.0" }, "os": "linux", "cpu": "x64" }, "sha512-gCWUn9547K5bwvOn9l5XGAEjVTTRji4aPTqLzGXHvIr6bIDZKNTA34seMPgM0WmSf+RYBH411VavCejp3PkOeQ=="],

    "@img/sharp-wasm32": ["@img/sharp-wasm32@0.34.3", "", { "dependencies": { "@emnapi/runtime": "^1.4.4" }, "cpu": "none" }, "sha512-+CyRcpagHMGteySaWos8IbnXcHgfDn7pO2fiC2slJxvNq9gDipYBN42/RagzctVRKgxATmfqOSulgZv5e1RdMg=="],

    "@img/sharp-win32-arm64": ["@img/sharp-win32-arm64@0.34.3", "", { "os": "win32", "cpu": "arm64" }, "sha512-MjnHPnbqMXNC2UgeLJtX4XqoVHHlZNd+nPt1kRPmj63wURegwBhZlApELdtxM2OIZDRv/DFtLcNhVbd1z8GYXQ=="],

    "@img/sharp-win32-ia32": ["@img/sharp-win32-ia32@0.34.3", "", { "os": "win32", "cpu": "ia32" }, "sha512-xuCdhH44WxuXgOM714hn4amodJMZl3OEvf0GVTm0BEyMeA2to+8HEdRPShH0SLYptJY1uBw+SCFP9WVQi1Q/cw=="],

    "@img/sharp-win32-x64": ["@img/sharp-win32-x64@0.34.3", "", { "os": "win32", "cpu": "x64" }, "sha512-OWwz05d++TxzLEv4VnsTz5CmZ6mI6S05sfQGEMrNrQcOEERbX46332IvE7pO/EUiw7jUrrS40z/M7kPyjfl04g=="],

    "@pagefind/darwin-arm64": ["@pagefind/darwin-arm64@1.4.0", "", { "os": "darwin", "cpu": "arm64" }, "sha512-2vMqkbv3lbx1Awea90gTaBsvpzgRs7MuSgKDxW0m9oV1GPZCZbZBJg/qL83GIUEN2BFlY46dtUZi54pwH+/pTQ=="],

    "@pagefind/darwin-x64": ["@pagefind/darwin-x64@1.4.0", "", { "os": "darwin", "cpu": "x64" }, "sha512-e7JPIS6L9/cJfow+/IAqknsGqEPjJnVXGjpGm25bnq+NPdoD3c/7fAwr1OXkG4Ocjx6ZGSCijXEV4ryMcH2E3A=="],

    "@pagefind/freebsd-x64": ["@pagefind/freebsd-x64@1.4.0", "", { "os": "freebsd", "cpu": "x64" }, "sha512-WcJVypXSZ+9HpiqZjFXMUobfFfZZ6NzIYtkhQ9eOhZrQpeY5uQFqNWLCk7w9RkMUwBv1HAMDW3YJQl/8OqsV0Q=="],

    "@pagefind/linux-arm64": ["@pagefind/linux-arm64@1.4.0", "", { "os": "linux", "cpu": "arm64" }, "sha512-PIt8dkqt4W06KGmQjONw7EZbhDF+uXI7i0XtRLN1vjCUxM9vGPdtJc2mUyVPevjomrGz5M86M8bqTr6cgDp1Uw=="],

    "@pagefind/linux-x64": ["@pagefind/linux-x64@1.4.0", "", { "os": "linux", "cpu": "x64" }, "sha512-z4oddcWwQ0UHrTHR8psLnVlz6USGJ/eOlDPTDYZ4cI8TK8PgwRUPQZp9D2iJPNIPcS6Qx/E4TebjuGJOyK8Mmg=="],

    "@pagefind/windows-x64": ["@pagefind/windows-x64@1.4.0", "", { "os": "win32", "cpu": "x64" }, "sha512-NkT+YAdgS2FPCn8mIA9bQhiBs+xmniMGq1LFPDhcFn0+2yIUEiIG06t7bsZlhdjknEQRTSdT7YitP6fC5qwP0g=="],

    "@weborigami/async-tree": ["@weborigami/async-tree@0.5.6", "", { "dependencies": { "@weborigami/types": "0.5.6" } }, "sha512-gX+EZZjhifGKiJ7+inAzMZlKD/Uoob6XvU94lOs+5SQhG0x9uRJ7bEgybOB2YKtfzKOA9ZC0xnYD36cFgxWR0w=="],

    "@weborigami/json-feed-to-rss": ["@weborigami/json-feed-to-rss@1.0.0", "", {}, "sha512-PcHME0TAMUFUe6xvo6Y5PUv38X5j3KSFKk3tOXd59R3tezJiEe7bOj7GC1Fm3dTQkKfsMyvZC0Cwtu9KRrjL0w=="],

    "@weborigami/language": ["@weborigami/language@0.5.6", "", { "dependencies": { "@weborigami/async-tree": "0.5.6", "@weborigami/types": "0.5.6", "exif-parser": "0.1.12", "watcher": "2.3.1", "yaml": "2.8.1" } }, "sha512-LsvKcnPvFcWKOqAxRBFIBKuEuo9JvJNOxs2oEGUGwVIu/ZqYABNi9W5REkGMJP5mJlpaTKL1mSbLU+r9HL4jtg=="],

    "@weborigami/origami": ["@weborigami/origami@0.5.6", "", { "dependencies": { "@weborigami/async-tree": "0.5.6", "@weborigami/json-feed-to-rss": "1.0.0", "@weborigami/language": "0.5.6", "@weborigami/types": "0.5.6", "css-tree": "3.1.0", "graphviz-wasm": "3.0.2", "highlight.js": "11.11.1", "jsdom": "26.1.0", "marked": "16.2.0", "marked-gfm-heading-id": "4.1.2", "marked-highlight": "2.2.2", "marked-smartypants": "1.1.10", "sharp": "0.34.3", "yaml": "2.8.1" }, "bin": { "ori": "src/cli/cli.js" } }, "sha512-r0OnoENsWpaTUuTfubXBT8wnIllkVySV0ZLMMeU5yb8m73dnVFI5sMccrUOoCrmVxFf5fNYsRs66WH0F/LSujQ=="],

    "@weborigami/pagefind": ["@weborigami/pagefind@0.0.13", "", { "dependencies": { "@weborigami/async-tree": "0.5.1", "pagefind": "1.4.0" } }, "sha512-5qTfngfp+2bM1+rpiB4y6b0z7OYGH69j3nIivGLlck0/90TPpciu5fQDDQ02haygx2Xaqy6y7MLPg6e+UIaEQg=="],

    "@weborigami/types": ["@weborigami/types@0.5.6", "", {}, "sha512-ilK69ewFtZ2DcqCcXFevU0HjttyAP0b1k7j9byGG6H27w37LU+2WB2nMgWa1I+XOvWs0O11zUP3b6Y7rWjvk/Q=="],

    "agent-base": ["agent-base@7.1.4", "", {}, "sha512-MnA+YT8fwfJPgBx3m60MNqakm30XOkyIoH1y6huTQvC0PwZG7ki8NacLBcrPbNoo8vEZy7Jpuk7+jMO+CUovTQ=="],

    "color": ["color@4.2.3", "", { "dependencies": { "color-convert": "^2.0.1", "color-string": "^1.9.0" } }, "sha512-1rXeuUUiGGrykh+CeBdu5Ie7OJwinCgQY0bc7GCRxy5xVHy+moaqkpL/jqQq0MtQOeYcrqEz4abc5f0KtU7W4A=="],

    "color-convert": ["color-convert@2.0.1", "", { "dependencies": { "color-name": "~1.1.4" } }, "sha512-RRECPsj7iu/xb5oKYcsFHSppFNnsj/52OVTRKb4zP5onXwVF3zVmmToNcOfGC+CRDpfK/U584fMg38ZHCaElKQ=="],

    "color-name": ["color-name@1.1.4", "", {}, "sha512-dOy+3AuW3a2wNbZHIuMZpTcgjGuLU/uBL/ubcZF9OXbDo8ff4O8yVp5Bf0efS8uEoYo5q4Fx7dY9OgQGXgAsQA=="],

    "color-string": ["color-string@1.9.1", "", { "dependencies": { "color-name": "^1.0.0", "simple-swizzle": "^0.2.2" } }, "sha512-shrVawQFojnZv6xM40anx4CkoDP+fZsw/ZerEMsW/pyzsRbElpsL/DBVW7q3ExxwusdNXI3lXpuhEZkzs8p5Eg=="],

    "css-tree": ["css-tree@3.1.0", "", { "dependencies": { "mdn-data": "2.12.2", "source-map-js": "^1.0.1" } }, "sha512-0eW44TGN5SQXU1mWSkKwFstI/22X2bG1nYzZTYMAWjylYURhse752YgbE4Cx46AC+bAvI+/dYTPRk1LqSUnu6w=="],

    "cssstyle": ["cssstyle@4.6.0", "", { "dependencies": { "@asamuzakjp/css-color": "^3.2.0", "rrweb-cssom": "^0.8.0" } }, "sha512-2z+rWdzbbSZv6/rhtvzvqeZQHrBaqgogqt85sqFNbabZOuFbCVFb8kPeEtZjiKkbrm395irpNKiYeFeLiQnFPg=="],

    "data-urls": ["data-urls@5.0.0", "", { "dependencies": { "whatwg-mimetype": "^4.0.0", "whatwg-url": "^14.0.0" } }, "sha512-ZYP5VBHshaDAiVZxjbRVcFJpc+4xGgT0bK3vzy1HLN8jTO975HEbuYzZJcHoQEY5K1a0z8YayJkyVETa08eNTg=="],

    "debug": ["debug@4.4.3", "", { "dependencies": { "ms": "^2.1.3" } }, "sha512-RGwwWnwQvkVfavKVt22FGLw+xYSdzARwm0ru6DhTVA3umU5hZc28V3kO4stgYryrTlLpuvgI9GiijltAjNbcqA=="],

    "decimal.js": ["decimal.js@10.6.0", "", {}, "sha512-YpgQiITW3JXGntzdUmyUR1V812Hn8T1YVXhCu+wO3OpS4eU9l4YdD3qjyiKdV6mvV29zapkMeD390UVEf2lkUg=="],

    "decode-base64": ["decode-base64@3.0.2", "", { "dependencies": { "node-buffer-encoding": "^1.0.3" } }, "sha512-hgXhqIon8A1gznsTnvsyHFH+n2Jh20VVHnbiSDCBtpoaeCxpzbFJDtkWFVEaGF179d0y67Akdnxz4ipi/7Dcjg=="],

    "detect-libc": ["detect-libc@2.1.1", "", {}, "sha512-ecqj/sy1jcK1uWrwpR67UhYrIFQ+5WlGxth34WquCbamhFA6hkkwiu37o6J5xCHdo1oixJRfVRw+ywV+Hq/0Aw=="],

    "dettle": ["dettle@1.0.5", "", {}, "sha512-ZVyjhAJ7sCe1PNXEGveObOH9AC8QvMga3HJIghHawtG7mE4K5pW9nz/vDGAr/U7a3LWgdOzEE7ac9MURnyfaTA=="],

    "entities": ["entities@6.0.1", "", {}, "sha512-aN97NXWF6AWBTahfVOIrB/NShkzi5H7F9r1s9mD3cDj4Ko5f2qhhVoYMibXF7GlLveb/D2ioWay8lxI97Ven3g=="],

    "exif-parser": ["exif-parser@0.1.12", "", {}, "sha512-c2bQfLNbMzLPmzQuOr8fy0csy84WmwnER81W88DzTp9CYNPJ6yzOj2EZAh9pywYpqHnshVLHQJ8WzldAyfY+Iw=="],

    "function-once": ["function-once@3.0.1", "", {}, "sha512-bE3E8REk4jANDot3l0sLFkXgywBwzFKsmbwdnVHLJUnt/3kV6dNG0oJJqoRBuS1Z9Lr4ZoQgwV0ZNLDgWDbv7Q=="],

    "github-slugger": ["github-slugger@2.0.0", "", {}, "sha512-IaOQ9puYtjrkq7Y0Ygl9KDZnrf/aiUJYUpVf89y8kyaxbRG7Y1SrX/jaumrv81vc61+kiMempujsM3Yw7w5qcw=="],

    "graphviz-wasm": ["graphviz-wasm@3.0.2", "", { "dependencies": { "decode-base64": "^3.0.1", "function-once": "^3.0.0" } }, "sha512-aaO9dxQ7LTk9zvelCajRRSdSB+ZLniL5DNSkuLXAfIAbVvYCqlLmxz4zWC2LBbNNT+w6vp8Du8SvAVxH1bSVBQ=="],

    "highlight.js": ["highlight.js@11.11.1", "", {}, "sha512-Xwwo44whKBVCYoliBQwaPvtd/2tYFkRQtXDWj1nackaV2JPXx3L0+Jvd8/qCJ2p+ML0/XVkJ2q+Mr+UVdpJK5w=="],

    "html-encoding-sniffer": ["html-encoding-sniffer@4.0.0", "", { "dependencies": { "whatwg-encoding": "^3.1.1" } }, "sha512-Y22oTqIU4uuPgEemfz7NDJz6OeKf12Lsu+QC+s3BVpda64lTiMYCyGwg5ki4vFxkMwQdeZDl2adZoqUgdFuTgQ=="],

    "http-proxy-agent": ["http-proxy-agent@7.0.2", "", { "dependencies": { "agent-base": "^7.1.0", "debug": "^4.3.4" } }, "sha512-T1gkAiYYDWYx3V5Bmyu7HcfcvL7mUrTWiM6yOfa3PIphViJ/gFPbvidQ+veqSOHci/PxBcDabeUNCzpOODJZig=="],

    "https-proxy-agent": ["https-proxy-agent@7.0.6", "", { "dependencies": { "agent-base": "^7.1.2", "debug": "4" } }, "sha512-vK9P5/iUfdl95AI+JVyUuIcVtd4ofvtrOr3HNtM2yxC9bnMbEdp3x01OhQNnjb8IJYi38VlTE3mBXwcfvywuSw=="],

    "iconv-lite": ["iconv-lite@0.6.3", "", { "dependencies": { "safer-buffer": ">= 2.1.2 < 3.0.0" } }, "sha512-4fCk79wshMdzMp2rH06qWrJE4iolqLhCUH+OiuIgU++RB0+94NlDL81atO7GX55uUKueo0txHNtvEyI6D7WdMw=="],

    "is-arrayish": ["is-arrayish@0.3.4", "", {}, "sha512-m6UrgzFVUYawGBh1dUsWR5M2Clqic9RVXC/9f8ceNlv2IcO9j9J/z8UoCLPqtsPBFNzEpfR3xftohbfqDx8EQA=="],

    "is-potential-custom-element-name": ["is-potential-custom-element-name@1.0.1", "", {}, "sha512-bCYeRA2rVibKZd+s2625gGnGF/t7DSqDs4dP7CrLA1m7jKWz6pps0LpYLJN8Q64HtmPKJ1hrN3nzPNKFEKOUiQ=="],

    "jsdom": ["jsdom@26.1.0", "", { "dependencies": { "cssstyle": "^4.2.1", "data-urls": "^5.0.0", "decimal.js": "^10.5.0", "html-encoding-sniffer": "^4.0.0", "http-proxy-agent": "^7.0.2", "https-proxy-agent": "^7.0.6", "is-potential-custom-element-name": "^1.0.1", "nwsapi": "^2.2.16", "parse5": "^7.2.1", "rrweb-cssom": "^0.8.0", "saxes": "^6.0.0", "symbol-tree": "^3.2.4", "tough-cookie": "^5.1.1", "w3c-xmlserializer": "^5.0.0", "webidl-conversions": "^7.0.0", "whatwg-encoding": "^3.1.1", "whatwg-mimetype": "^4.0.0", "whatwg-url": "^14.1.1", "ws": "^8.18.0", "xml-name-validator": "^5.0.0" }, "peerDependencies": { "canvas": "^3.0.0" }, "optionalPeers": ["canvas"] }, "sha512-Cvc9WUhxSMEo4McES3P7oK3QaXldCfNWp7pl2NNeiIFlCoLr3kfq9kb1fxftiwk1FLV7CvpvDfonxtzUDeSOPg=="],

    "lru-cache": ["lru-cache@10.4.3", "", {}, "sha512-JNAzZcXrCt42VGLuYz0zfAzDfAvJWW6AfYlDBQyDV5DClI2m5sAmK+OIO7s59XfsRsWHp02jAJrRadPRGTt6SQ=="],

    "marked": ["marked@16.4.0", "", { "bin": { "marked": "bin/marked.js" } }, "sha512-CTPAcRBq57cn3R8n3hwc2REddc28hjR7RzDXQ+lXLmMJYqn20BaI2cGw6QjgZGIgVfp2Wdfw4aMzgNteQ6qJgQ=="],

    "marked-alert": ["marked-alert@2.1.2", "", { "peerDependencies": { "marked": ">=7.0.0" } }, "sha512-EFNRZ08d8L/iEIPLTlQMDjvwIsj03gxWCczYTht6DCiHJIZhMk4NK5gtPY9UqAYb09eV5VGT+jD4lp396E0I+w=="],

    "marked-base-url": ["marked-base-url@1.1.7", "", { "peerDependencies": { "marked": ">= 4 < 17" } }, "sha512-CJOfpG2/XOEp8UuI5H0tbELxuS1v8Ud705jamEIpWBQDdkda1i+LrafxLn41rlxhGEeJqo27b/hBFVYHWOYccw=="],

    "marked-footnote": ["marked-footnote@1.4.0", "", { "peerDependencies": { "marked": ">=7.0.0" } }, "sha512-fZTxAhI1TcLEs5UOjCfYfTHpyKGaWQevbxaGTEA68B51l7i87SctPFtHETYqPkEN0ka5opvy4Dy1l/yXVC+hmg=="],

    "marked-gfm-heading-id": ["marked-gfm-heading-id@4.1.2", "", { "dependencies": { "github-slugger": "^2.0.0" }, "peerDependencies": { "marked": ">=13 <17" } }, "sha512-EQ1WiEGHJh0C8viU+hbXbhHyWTDgEia2i96fiSemm2wdYER6YBw/9QI5TB6YFTqFfmMOxBFXPcPJtlgD0fVV2w=="],

    "marked-highlight": ["marked-highlight@2.2.2", "", { "peerDependencies": { "marked": ">=4 <17" } }, "sha512-KlHOP31DatbtPPXPaI8nx1KTrG3EW0Z5zewCwpUj65swbtKOTStteK3sNAjBqV75Pgo3fNEVNHeptg18mDuWgw=="],

    "marked-smartypants": ["marked-smartypants@1.1.10", "", { "dependencies": { "smartypants": "^0.2.2" }, "peerDependencies": { "marked": ">=4 <17" } }, "sha512-XGK59M2nhy3Jpa0kdWSXQuKn908VkKbqK1IqF8Rk5QV619OWBs2/rkcg/PVhpKkADlRKJSYe6XqDMZMkZywT4g=="],

    "mdn-data": ["mdn-data@2.12.2", "", {}, "sha512-IEn+pegP1aManZuckezWCO+XZQDplx1366JoVhTpMpBB1sPey/SbveZQUosKiKiGYjg1wH4pMlNgXbCiYgihQA=="],

    "ms": ["ms@2.1.3", "", {}, "sha512-6FlzubTLZG3J2a/NVCAleEhjzq5oxgHyaCU9yYXvcLsvoVaHJq/s5xXI6/XXP6tz7R9xAOtHnSO/tXtF3WRTlA=="],

    "node-buffer-encoding": ["node-buffer-encoding@1.0.3", "", {}, "sha512-9hJZNChhQoCN1rCFScJiEwtzvWEJw2wSnu2nhDLD/YOYl1Ce8GbtnorsnjwwjpSk4sWE7zSp2etX6j7+bO7fVA=="],

    "nwsapi": ["nwsapi@2.2.22", "", {}, "sha512-ujSMe1OWVn55euT1ihwCI1ZcAaAU3nxUiDwfDQldc51ZXaB9m2AyOn6/jh1BLe2t/G8xd6uKG1UBF2aZJeg2SQ=="],

    "pagefind": ["pagefind@1.4.0", "", { "optionalDependencies": { "@pagefind/darwin-arm64": "1.4.0", "@pagefind/darwin-x64": "1.4.0", "@pagefind/freebsd-x64": "1.4.0", "@pagefind/linux-arm64": "1.4.0", "@pagefind/linux-x64": "1.4.0", "@pagefind/windows-x64": "1.4.0" }, "bin": { "pagefind": "lib/runner/bin.cjs" } }, "sha512-z2kY1mQlL4J8q5EIsQkLzQjilovKzfNVhX8De6oyE6uHpfFtyBaqUpcl/XzJC/4fjD8vBDyh1zolimIcVrCn9g=="],

    "parse5": ["parse5@7.3.0", "", { "dependencies": { "entities": "^6.0.0" } }, "sha512-IInvU7fabl34qmi9gY8XOVxhYyMyuH2xUNpb2q8/Y+7552KlejkRvqvD19nMoUW/uQGGbqNpA6Tufu5FL5BZgw=="],

    "promise-make-counter": ["promise-make-counter@1.0.2", "", { "dependencies": { "promise-make-naked": "^3.0.2" } }, "sha512-FJAxTBWQuQoAs4ZOYuKX1FHXxEgKLEzBxUvwr4RoOglkTpOjWuM+RXsK3M9q5lMa8kjqctUrhwYeZFT4ygsnag=="],

    "promise-make-naked": ["promise-make-naked@3.0.2", "", {}, "sha512-B+b+kQ1YrYS7zO7P7bQcoqqMUizP06BOyNSBEnB5VJKDSWo8fsVuDkfSmwdjF0JsRtaNh83so5MMFJ95soH5jg=="],

    "punycode": ["punycode@2.3.1", "", {}, "sha512-vYt7UD1U9Wg6138shLtLOvdAu+8DsC/ilFtEVHcH+wydcSpNE20AfSOduf6MkRFahL5FY7X1oU7nKVZFtfq8Fg=="],

    "rrweb-cssom": ["rrweb-cssom@0.8.0", "", {}, "sha512-guoltQEx+9aMf2gDZ0s62EcV8lsXR+0w8915TC3ITdn2YueuNjdAYh/levpU9nFaoChh9RUS5ZdQMrKfVEN9tw=="],

    "safer-buffer": ["safer-buffer@2.1.2", "", {}, "sha512-YZo3K82SD7Riyi0E1EQPojLz7kpepnSQI9IyPbHHg1XXXevb5dJI7tpyN2ADxGcQbHG7vcyRHk0cbwqcQriUtg=="],

    "saxes": ["saxes@6.0.0", "", { "dependencies": { "xmlchars": "^2.2.0" } }, "sha512-xAg7SOnEhrm5zI3puOOKyy1OMcMlIJZYNJY7xLBwSze0UjhPLnWfj2GF2EpT0jmzaJKIWKHLsaSSajf35bcYnA=="],

    "semver": ["semver@7.7.2", "", { "bin": { "semver": "bin/semver.js" } }, "sha512-RF0Fw+rO5AMf9MAyaRXI4AV0Ulj5lMHqVxxdSgiVbixSCXoEmmX/jk0CuJw4+3SqroYO9VoUh+HcuJivvtJemA=="],

    "sharp": ["sharp@0.34.3", "", { "dependencies": { "color": "^4.2.3", "detect-libc": "^2.0.4", "semver": "^7.7.2" }, "optionalDependencies": { "@img/sharp-darwin-arm64": "0.34.3", "@img/sharp-darwin-x64": "0.34.3", "@img/sharp-libvips-darwin-arm64": "1.2.0", "@img/sharp-libvips-darwin-x64": "1.2.0", "@img/sharp-libvips-linux-arm": "1.2.0", "@img/sharp-libvips-linux-arm64": "1.2.0", "@img/sharp-libvips-linux-ppc64": "1.2.0", "@img/sharp-libvips-linux-s390x": "1.2.0", "@img/sharp-libvips-linux-x64": "1.2.0", "@img/sharp-libvips-linuxmusl-arm64": "1.2.0", "@img/sharp-libvips-linuxmusl-x64": "1.2.0", "@img/sharp-linux-arm": "0.34.3", "@img/sharp-linux-arm64": "0.34.3", "@img/sharp-linux-ppc64": "0.34.3", "@img/sharp-linux-s390x": "0.34.3", "@img/sharp-linux-x64": "0.34.3", "@img/sharp-linuxmusl-arm64": "0.34.3", "@img/sharp-linuxmusl-x64": "0.34.3", "@img/sharp-wasm32": "0.34.3", "@img/sharp-win32-arm64": "0.34.3", "@img/sharp-win32-ia32": "0.34.3", "@img/sharp-win32-x64": "0.34.3" } }, "sha512-eX2IQ6nFohW4DbvHIOLRB3MHFpYqaqvXd3Tp5e/T/dSH83fxaNJQRvDMhASmkNTsNTVF2/OOopzRCt7xokgPfg=="],

    "simple-swizzle": ["simple-swizzle@0.2.4", "", { "dependencies": { "is-arrayish": "^0.3.1" } }, "sha512-nAu1WFPQSMNr2Zn9PGSZK9AGn4t/y97lEm+MXTtUDwfP0ksAIX4nO+6ruD9Jwut4C49SB1Ws+fbXsm/yScWOHw=="],

    "smartypants": ["smartypants@0.2.2", "", { "bin": { "smartypants": "bin/smartypants.js", "smartypantsu": "bin/smartypantsu.js" } }, "sha512-TzobUYoEft/xBtb2voRPryAUIvYguG0V7Tt3de79I1WfXgCwelqVsGuZSnu3GFGRZhXR90AeEYIM+icuB/S06Q=="],

    "source-map-js": ["source-map-js@1.2.1", "", {}, "sha512-UXWMKhLOwVKb728IUtQPXxfYU+usdybtUrK/8uGE8CQMvrhOpwvzDBwj0QhSL7MQc7vIsISBG8VQ8+IDQxpfQA=="],

    "stubborn-fs": ["stubborn-fs@1.2.5", "", {}, "sha512-H2N9c26eXjzL/S/K+i/RHHcFanE74dptvvjM8iwzwbVcWY/zjBbgRqF3K0DY4+OD+uTTASTBvDoxPDaPN02D7g=="],

    "symbol-tree": ["symbol-tree@3.2.4", "", {}, "sha512-9QNk5KwDF+Bvz+PyObkmSYjI5ksVUYtjW7AU22r2NKcfLJcXp96hkDWU3+XndOsUb+AQ9QhfzfCT2O+CNWT5Tw=="],

    "tiny-readdir": ["tiny-readdir@2.7.4", "", { "dependencies": { "promise-make-counter": "^1.0.2" } }, "sha512-721U+zsYwDirjr8IM6jqpesD/McpZooeFi3Zc6mcjy1pse2C+v19eHPFRqz4chGXZFw7C3KITDjAtHETc2wj7Q=="],

    "tldts": ["tldts@6.1.86", "", { "dependencies": { "tldts-core": "^6.1.86" }, "bin": { "tldts": "bin/cli.js" } }, "sha512-WMi/OQ2axVTf/ykqCQgXiIct+mSQDFdH2fkwhPwgEwvJ1kSzZRiinb0zF2Xb8u4+OqPChmyI6MEu4EezNJz+FQ=="],

    "tldts-core": ["tldts-core@6.1.86", "", {}, "sha512-Je6p7pkk+KMzMv2XXKmAE3McmolOQFdxkKw0R8EYNr7sELW46JqnNeTX8ybPiQgvg1ymCoF8LXs5fzFaZvJPTA=="],

    "tough-cookie": ["tough-cookie@5.1.2", "", { "dependencies": { "tldts": "^6.1.32" } }, "sha512-FVDYdxtnj0G6Qm/DhNPSb8Ju59ULcup3tuJxkFb5K8Bv2pUXILbf0xZWU8PX8Ov19OXljbUyveOFwRMwkXzO+A=="],

    "tr46": ["tr46@5.1.1", "", { "dependencies": { "punycode": "^2.3.1" } }, "sha512-hdF5ZgjTqgAntKkklYw0R03MG2x/bSzTtkxmIRw/sTNV8YXsCJ1tfLAX23lhxhHJlEf3CRCOCGGWw3vI3GaSPw=="],

    "tslib": ["tslib@2.8.1", "", {}, "sha512-oJFu94HQb+KVduSUQL7wnpmqnfmLsOA/nAh6b6EH0wCEoK0/mPeXU6c3wKDV83MkOuHPRHtSXKKU99IBazS/2w=="],

    "w3c-xmlserializer": ["w3c-xmlserializer@5.0.0", "", { "dependencies": { "xml-name-validator": "^5.0.0" } }, "sha512-o8qghlI8NZHU1lLPrpi2+Uq7abh4GGPpYANlalzWxyWteJOCsr/P+oPBA49TOLu5FTZO4d3F9MnWJfiMo4BkmA=="],

    "watcher": ["watcher@2.3.1", "", { "dependencies": { "dettle": "^1.0.2", "stubborn-fs": "^1.2.5", "tiny-readdir": "^2.7.2" } }, "sha512-d3yl+ey35h05r5EFP0TafE2jsmQUJ9cc2aernRVyAkZiu0J3+3TbNugNcqdUJDoWOfL2p+bNsN427stsBC/HnA=="],

    "webidl-conversions": ["webidl-conversions@7.0.0", "", {}, "sha512-VwddBukDzu71offAQR975unBIGqfKZpM+8ZX6ySk8nYhVoo5CYaZyzt3YBvYtRtO+aoGlqxPg/B87NGVZ/fu6g=="],

    "whatwg-encoding": ["whatwg-encoding@3.1.1", "", { "dependencies": { "iconv-lite": "0.6.3" } }, "sha512-6qN4hJdMwfYBtE3YBTTHhoeuUrDBPZmbQaxWAqSALV/MeEnR5z1xd8UKud2RAkFoPkmB+hli1TZSnyi84xz1vQ=="],

    "whatwg-mimetype": ["whatwg-mimetype@4.0.0", "", {}, "sha512-QaKxh0eNIi2mE9p2vEdzfagOKHCcj1pJ56EEHGQOVxp8r9/iszLUUV7v89x9O1p/T+NlTM5W7jW6+cz4Fq1YVg=="],

    "whatwg-url": ["whatwg-url@14.2.0", "", { "dependencies": { "tr46": "^5.1.0", "webidl-conversions": "^7.0.0" } }, "sha512-De72GdQZzNTUBBChsXueQUnPKDkg/5A5zp7pFDuQAj5UFoENpiACU0wlCvzpAGnTkj++ihpKwKyYewn/XNUbKw=="],

    "ws": ["ws@8.18.3", "", { "peerDependencies": { "bufferutil": "^4.0.1", "utf-8-validate": ">=5.0.2" }, "optionalPeers": ["bufferutil", "utf-8-validate"] }, "sha512-PEIGCY5tSlUt50cqyMXfCzX+oOPqN0vuGqWzbcJ2xvnkzkq46oOpz7dQaTDBdfICb4N14+GARUDw2XV2N4tvzg=="],

    "xml-name-validator": ["xml-name-validator@5.0.0", "", {}, "sha512-EvGK8EJ3DhaHfbRlETOWAS5pO9MZITeauHKJyb8wyajUfQUenkIg2MvLDTZ4T/TgIcm3HU0TFBgWWboAZ30UHg=="],

    "xmlchars": ["xmlchars@2.2.0", "", {}, "sha512-JZnDKK8B0RCDw84FNdDAIpZK+JuJw+s7Lz8nksI7SIuU3UXJJslUthsi+uWBUYOwPFwW7W7PRLRfUKpxjtjFCw=="],

    "yaml": ["yaml@2.8.1", "", { "bin": { "yaml": "bin.mjs" } }, "sha512-lcYcMxX2PO9XMGvAJkJ3OsNMw+/7FKes7/hgerGUYWIoWu5j/+YQqcZr5JnPZWzOsEBgMbSbiSTn/dv/69Mkpw=="],

    "@weborigami/origami/marked": ["marked@16.2.0", "", { "bin": { "marked": "bin/marked.js" } }, "sha512-LbbTuye+0dWRz2TS9KJ7wsnD4KAtpj0MVkWc90XvBa6AslXsT0hTBVH5k32pcSyHH1fst9XEFJunXHktVy0zlg=="],

    "@weborigami/pagefind/@weborigami/async-tree": ["@weborigami/async-tree@0.5.1", "", { "dependencies": { "@weborigami/types": "0.5.1" } }, "sha512-qGo+b4AJp1KWq1HLsCvM3UUBC5b03ZVdToPcSioiSjdMLQRNBoVuElP5mvd/0nFMah1rg4qGf7lQLdlLoryIzw=="],

    "@weborigami/pagefind/@weborigami/async-tree/@weborigami/types": ["@weborigami/types@0.5.1", "", {}, "sha512-Trybsq6ehwYcjvcxMxT2I4D0+7wcDZL9d4tdb5x0zd45INQ3GjmPel8aZG4C2hxhYyYumboloLqvl9OdEQxb2Q=="],
  }
}
