{
	"name": "vale-rocks",
	"lockfileVersion": 3,
	"requires": true,
	"packages": {
		"": {
			"name": "vale-rocks",
			"dependencies": {
				"@weborigami/monorepo": "file:../origami"
			}
		},
		"../origami": {
			"name": "@weborigami/monorepo",
			"version": "0.2.1",
			"workspaces": [
				"async-tree",
				"language",
				"origami",
				"types"
			]
		},
		"node_modules/@weborigami/monorepo": {
			"resolved": "../origami",
			"link": true
		}
	}
}
